Microsoft Visual Studio Solution File, Format Version 12.00
# Visual Studio Version 17
VisualStudioVersion = 17.11.35327.3
MinimumVisualStudioVersion = 10.0.40219.1
Project("{FAE04EC0-301F-11D3-BF4B-00C04F79EFBC}") = "AspireApp3.AppHost", "AspireApp3.AppHost\AspireApp3.AppHost.csproj", "{D9AD136D-9F08-41F8-9036-BB2B9E4DA931}"
EndProject
Project("{9A19103F-16F7-4668-BE54-9A1E7A4F7556}") = "AspireApp3.ServiceDefaults", "AspireApp3.ServiceDefaults\AspireApp3.ServiceDefaults.csproj", "{405C5926-2CEC-4ED5-BC90-D3B4A459A29E}"
EndProject
Project("{9A19103F-16F7-4668-BE54-9A1E7A4F7556}") = "AspireApp3.ApiService", "AspireApp3.ApiService\AspireApp3.ApiService.csproj", "{1272B940-E34B-4E44-97ED-1A2F637852DE}"
EndProject
Project("{9A19103F-16F7-4668-BE54-9A1E7A4F7556}") = "AspireApp3.Web", "AspireApp3.Web\AspireApp3.Web.csproj", "{ADBF8EA6-ECC8-4CE4-91FD-F68DDEAF29CD}"
EndProject
Global
	GlobalSection(SolutionConfigurationPlatforms) = preSolution
		Debug|Any CPU = Debug|Any CPU
		Release|Any CPU = Release|Any CPU
	EndGlobalSection
	GlobalSection(ProjectConfigurationPlatforms) = postSolution
		{D9AD136D-9F08-41F8-9036-BB2B9E4DA931}.Debug|Any CPU.ActiveCfg = Debug|Any CPU
		{D9AD136D-9F08-41F8-9036-BB2B9E4DA931}.Debug|Any CPU.Build.0 = Debug|Any CPU
		{D9AD136D-9F08-41F8-9036-BB2B9E4DA931}.Release|Any CPU.ActiveCfg = Release|Any CPU
		{D9AD136D-9F08-41F8-9036-BB2B9E4DA931}.Release|Any CPU.Build.0 = Release|Any CPU
		{405C5926-2CEC-4ED5-BC90-D3B4A459A29E}.Debug|Any CPU.ActiveCfg = Debug|Any CPU
		{405C5926-2CEC-4ED5-BC90-D3B4A459A29E}.Debug|Any CPU.Build.0 = Debug|Any CPU
		{405C5926-2CEC-4ED5-BC90-D3B4A459A29E}.Release|Any CPU.ActiveCfg = Release|Any CPU
		{405C5926-2CEC-4ED5-BC90-D3B4A459A29E}.Release|Any CPU.Build.0 = Release|Any CPU
		{1272B940-E34B-4E44-97ED-1A2F637852DE}.Debug|Any CPU.ActiveCfg = Debug|Any CPU
		{1272B940-E34B-4E44-97ED-1A2F637852DE}.Debug|Any CPU.Build.0 = Debug|Any CPU
		{1272B940-E34B-4E44-97ED-1A2F637852DE}.Release|Any CPU.ActiveCfg = Release|Any CPU
		{1272B940-E34B-4E44-97ED-1A2F637852DE}.Release|Any CPU.Build.0 = Release|Any CPU
		{ADBF8EA6-ECC8-4CE4-91FD-F68DDEAF29CD}.Debug|Any CPU.ActiveCfg = Debug|Any CPU
		{ADBF8EA6-ECC8-4CE4-91FD-F68DDEAF29CD}.Debug|Any CPU.Build.0 = Debug|Any CPU
		{ADBF8EA6-ECC8-4CE4-91FD-F68DDEAF29CD}.Release|Any CPU.ActiveCfg = Release|Any CPU
		{ADBF8EA6-ECC8-4CE4-91FD-F68DDEAF29CD}.Release|Any CPU.Build.0 = Release|Any CPU
	EndGlobalSection
	GlobalSection(SolutionProperties) = preSolution
		HideSolutionNode = FALSE
	EndGlobalSection
	GlobalSection(ExtensibilityGlobals) = postSolution
		SolutionGuid = {BB5CC6DB-1811-4037-B7E8-F927AD9D100A}
	EndGlobalSection
EndGlobal
